version = 1
revision = 3
requires-python = ">=3.14"

[[package]]
name = "aprendepython"
version = "3.1.3"
source = { virtual = "." }
dependencies = [
    { name = "zensical" },
]

[package.metadata]
requires-dist = [{ name = "zensical", specifier = ">=0.0.20" }]

[[package]]
name = "click"
version = "8.3.1"
source = { registry = "https://pypi.org/simple" }
dependencies = [
    { name = "colorama", marker = "sys_platform == 'win32'" },
]
sdist = { url = "https://files.pythonhosted.org/packages/3d/fa/656b739db8587d7b5dfa22e22ed02566950fbfbcdc20311993483657a5c0/click-8.3.1.tar.gz", hash = "sha256:12ff4785d337a1bb490bb7e9c2b1ee5da3112e94a8622f26a6c77f5d2fc6842a", size = 295065, upload-time = "2025-11-15T20:45:42.706Z" }
wheels = [
    { url = "https://files.pythonhosted.org/packages/98/78/01c019cdb5d6498122777c1a43056ebb3ebfeef2076d9d026bfe15583b2b/click-8.3.1-py3-none-any.whl", hash = "sha256:981153a64e25f12d547d3426c367a4857371575ee7ad18df2a6183ab0545b2a6", size = 108274, upload-time = "2025-11-15T20:45:41.139Z" },
]

[[package]]
name = "colorama"
version = "0.4.6"
source = { registry = "https://pypi.org/simple" }
sdist = { url = "https://files.pythonhosted.org/packages/d8/53/6f443c9a4a8358a93a6792e2acffb9d9d5cb0a5cfd8802644b7b1c9a02e4/colorama-0.4.6.tar.gz", hash = "sha256:08695f5cb7ed6e0531a20572697297273c47b8cae5a63ffc6d6ed5c201be6e44", size = 27697, upload-time = "2022-10-25T02:36:22.414Z" }
wheels = [
    { url = "https://files.pythonhosted.org/packages/d1/d6/3965ed04c63042e047cb6a3e6ed1a63a35087b6a609aa3a15ed8ac56c221/colorama-0.4.6-py2.py3-none-any.whl", hash = "sha256:4f1d9991f5acc0ca119f9d443620b77f9d6b33703e51011c16baf57afb285fc6", size = 25335, upload-time = "2022-10-25T02:36:20.889Z" },
]

[[package]]
name = "deepmerge"
version = "2.0"
source = { registry = "https://pypi.org/simple" }
sdist = { url = "https://files.pythonhosted.org/packages/a8/3a/b0ba594708f1ad0bc735884b3ad854d3ca3bdc1d741e56e40bbda6263499/deepmerge-2.0.tar.gz", hash = "sha256:5c3d86081fbebd04dd5de03626a0607b809a98fb6ccba5770b62466fe940ff20", size = 19890, upload-time = "2024-08-30T05:31:50.308Z" }
wheels = [
    { url = "https://files.pythonhosted.org/packages/2d/82/e5d2c1c67d19841e9edc74954c827444ae826978499bde3dfc1d007c8c11/deepmerge-2.0-py3-none-any.whl", hash = "sha256:6de9ce507115cff0bed95ff0ce9ecc31088ef50cbdf09bc90a09349a318b3d00", size = 13475, upload-time = "2024-08-30T05:31:48.659Z" },
]

[[package]]
name = "markdown"
version = "3.10"
source = { registry = "https://pypi.org/simple" }
sdist = { url = "https://files.pythonhosted.org/packages/7d/ab/7dd27d9d863b3376fcf23a5a13cb5d024aed1db46f963f1b5735ae43b3be/markdown-3.10.tar.gz", hash = "sha256:37062d4f2aa4b2b6b32aefb80faa300f82cc790cb949a35b8caede34f2b68c0e", size = 364931, upload-time = "2025-11-03T19:51:15.007Z" }
wheels = [
    { url = "https://files.pythonhosted.org/packages/70/81/54e3ce63502cd085a0c556652a4e1b919c45a446bd1e5300e10c44c8c521/markdown-3.10-py3-none-any.whl", hash = "sha256:b5b99d6951e2e4948d939255596523444c0e677c669700b1d17aa4a8a464cb7c", size = 107678, upload-time = "2025-11-03T19:51:13.887Z" },
]

[[package]]
name = "pygments"
version = "2.19.2"
source = { registry = "https://pypi.org/simple" }
sdist = { url = "https://files.pythonhosted.org/packages/b0/77/a5b8c569bf593b0140bde72ea885a803b82086995367bf2037de0159d924/pygments-2.19.2.tar.gz", hash = "sha256:636cb2477cec7f8952536970bc533bc43743542f70392ae026374600add5b887", size = 4968631, upload-time = "2025-06-21T13:39:12.283Z" }
wheels = [
    { url = "https://files.pythonhosted.org/packages/c7/21/705964c7812476f378728bdf590ca4b771ec72385c533964653c68e86bdc/pygments-2.19.2-py3-none-any.whl", hash = "sha256:86540386c03d588bb81d44bc3928634ff26449851e99741617ecb9037ee5ec0b", size = 1225217, upload-time = "2025-06-21T13:39:07.939Z" },
]

[[package]]
name = "pymdown-extensions"
version = "10.20"
source = { registry = "https://pypi.org/simple" }
dependencies = [
    { name = "markdown" },
    { name = "pyyaml" },
]
sdist = { url = "https://files.pythonhosted.org/packages/3e/35/e3814a5b7df295df69d035cfb8aab78b2967cdf11fcfae7faed726b66664/pymdown_extensions-10.20.tar.gz", hash = "sha256:5c73566ab0cf38c6ba084cb7c5ea64a119ae0500cce754ccb682761dfea13a52", size = 852774, upload-time = "2025-12-31T19:59:42.211Z" }
wheels = [
    { url = "https://files.pythonhosted.org/packages/ea/10/47caf89cbb52e5bb764696fd52a8c591a2f0e851a93270c05a17f36000b5/pymdown_extensions-10.20-py3-none-any.whl", hash = "sha256:ea9e62add865da80a271d00bfa1c0fa085b20d133fb3fc97afdc88e682f60b2f", size = 268733, upload-time = "2025-12-31T19:59:40.652Z" },
]

[[package]]
name = "pyyaml"
version = "6.0.3"
source = { registry = "https://pypi.org/simple" }
sdist = { url = "https://files.pythonhosted.org/packages/05/8e/961c0007c59b8dd7729d542c61a4d537767a59645b82a0b521206e1e25c2/pyyaml-6.0.3.tar.gz", hash = "sha256:d76623373421df22fb4cf8817020cbb7ef15c725b9d5e45f17e189bfc384190f", size = 130960, upload-time = "2025-09-25T21:33:16.546Z" }
wheels = [
    { url = "https://files.pythonhosted.org/packages/9d/8c/f4bd7f6465179953d3ac9bc44ac1a8a3e6122cf8ada906b4f96c60172d43/pyyaml-6.0.3-cp314-cp314-macosx_10_13_x86_64.whl", hash = "sha256:8d1fab6bb153a416f9aeb4b8763bc0f22a5586065f86f7664fc23339fc1c1fac", size = 181814, upload-time = "2025-09-25T21:32:35.712Z" },
    { url = "https://files.pythonhosted.org/packages/bd/9c/4d95bb87eb2063d20db7b60faa3840c1b18025517ae857371c4dd55a6b3a/pyyaml-6.0.3-cp314-cp314-macosx_11_0_arm64.whl", hash = "sha256:34d5fcd24b8445fadc33f9cf348c1047101756fd760b4dacb5c3e99755703310", size = 173809, upload-time = "2025-09-25T21:32:36.789Z" },
    { url = "https://files.pythonhosted.org/packages/92/b5/47e807c2623074914e29dabd16cbbdd4bf5e9b2db9f8090fa64411fc5382/pyyaml-6.0.3-cp314-cp314-manylinux2014_aarch64.manylinux_2_17_aarch64.manylinux_2_28_aarch64.whl", hash = "sha256:501a031947e3a9025ed4405a168e6ef5ae3126c59f90ce0cd6f2bfc477be31b7", size = 766454, upload-time = "2025-09-25T21:32:37.966Z" },
    { url = "https://files.pythonhosted.org/packages/02/9e/e5e9b168be58564121efb3de6859c452fccde0ab093d8438905899a3a483/pyyaml-6.0.3-cp314-cp314-manylinux2014_s390x.manylinux_2_17_s390x.manylinux_2_28_s390x.whl", hash = "sha256:b3bc83488de33889877a0f2543ade9f70c67d66d9ebb4ac959502e12de895788", size = 836355, upload-time = "2025-09-25T21:32:39.178Z" },
    { url = "https://files.pythonhosted.org/packages/88/f9/16491d7ed2a919954993e48aa941b200f38040928474c9e85ea9e64222c3/pyyaml-6.0.3-cp314-cp314-manylinux2014_x86_64.manylinux_2_17_x86_64.manylinux_2_28_x86_64.whl", hash = "sha256:c458b6d084f9b935061bc36216e8a69a7e293a2f1e68bf956dcd9e6cbcd143f5", size = 794175, upload-time = "2025-09-25T21:32:40.865Z" },
    { url = "https://files.pythonhosted.org/packages/dd/3f/5989debef34dc6397317802b527dbbafb2b4760878a53d4166579111411e/pyyaml-6.0.3-cp314-cp314-musllinux_1_2_aarch64.whl", hash = "sha256:7c6610def4f163542a622a73fb39f534f8c101d690126992300bf3207eab9764", size = 755228, upload-time = "2025-09-25T21:32:42.084Z" },
    { url = "https://files.pythonhosted.org/packages/d7/ce/af88a49043cd2e265be63d083fc75b27b6ed062f5f9fd6cdc223ad62f03e/pyyaml-6.0.3-cp314-cp314-musllinux_1_2_x86_64.whl", hash = "sha256:5190d403f121660ce8d1d2c1bb2ef1bd05b5f68533fc5c2ea899bd15f4399b35", size = 789194, upload-time = "2025-09-25T21:32:43.362Z" },
    { url = "https://files.pythonhosted.org/packages/23/20/bb6982b26a40bb43951265ba29d4c246ef0ff59c9fdcdf0ed04e0687de4d/pyyaml-6.0.3-cp314-cp314-win_amd64.whl", hash = "sha256:4a2e8cebe2ff6ab7d1050ecd59c25d4c8bd7e6f400f5f82b96557ac0abafd0ac", size = 156429, upload-time = "2025-09-25T21:32:57.844Z" },
    { url = "https://files.pythonhosted.org/packages/f4/f4/a4541072bb9422c8a883ab55255f918fa378ecf083f5b85e87fc2b4eda1b/pyyaml-6.0.3-cp314-cp314-win_arm64.whl", hash = "sha256:93dda82c9c22deb0a405ea4dc5f2d0cda384168e466364dec6255b293923b2f3", size = 143912, upload-time = "2025-09-25T21:32:59.247Z" },
    { url = "https://files.pythonhosted.org/packages/7c/f9/07dd09ae774e4616edf6cda684ee78f97777bdd15847253637a6f052a62f/pyyaml-6.0.3-cp314-cp314t-macosx_10_13_x86_64.whl", hash = "sha256:02893d100e99e03eda1c8fd5c441d8c60103fd175728e23e431db1b589cf5ab3", size = 189108, upload-time = "2025-09-25T21:32:44.377Z" },
    { url = "https://files.pythonhosted.org/packages/4e/78/8d08c9fb7ce09ad8c38ad533c1191cf27f7ae1effe5bb9400a46d9437fcf/pyyaml-6.0.3-cp314-cp314t-macosx_11_0_arm64.whl", hash = "sha256:c1ff362665ae507275af2853520967820d9124984e0f7466736aea23d8611fba", size = 183641, upload-time = "2025-09-25T21:32:45.407Z" },
    { url = "https://files.pythonhosted.org/packages/7b/5b/3babb19104a46945cf816d047db2788bcaf8c94527a805610b0289a01c6b/pyyaml-6.0.3-cp314-cp314t-manylinux2014_aarch64.manylinux_2_17_aarch64.manylinux_2_28_aarch64.whl", hash = "sha256:6adc77889b628398debc7b65c073bcb99c4a0237b248cacaf3fe8a557563ef6c", size = 831901, upload-time = "2025-09-25T21:32:48.83Z" },
    { url = "https://files.pythonhosted.org/packages/8b/cc/dff0684d8dc44da4d22a13f35f073d558c268780ce3c6ba1b87055bb0b87/pyyaml-6.0.3-cp314-cp314t-manylinux2014_s390x.manylinux_2_17_s390x.manylinux_2_28_s390x.whl", hash = "sha256:a80cb027f6b349846a3bf6d73b5e95e782175e52f22108cfa17876aaeff93702", size = 861132, upload-time = "2025-09-25T21:32:50.149Z" },
    { url = "https://files.pythonhosted.org/packages/b1/5e/f77dc6b9036943e285ba76b49e118d9ea929885becb0a29ba8a7c75e29fe/pyyaml-6.0.3-cp314-cp314t-manylinux2014_x86_64.manylinux_2_17_x86_64.manylinux_2_28_x86_64.whl", hash = "sha256:00c4bdeba853cc34e7dd471f16b4114f4162dc03e6b7afcc2128711f0eca823c", size = 839261, upload-time = "2025-09-25T21:32:51.808Z" },
    { url = "https://files.pythonhosted.org/packages/ce/88/a9db1376aa2a228197c58b37302f284b5617f56a5d959fd1763fb1675ce6/pyyaml-6.0.3-cp314-cp314t-musllinux_1_2_aarch64.whl", hash = "sha256:66e1674c3ef6f541c35191caae2d429b967b99e02040f5ba928632d9a7f0f065", size = 805272, upload-time = "2025-09-25T21:32:52.941Z" },
    { url = "https://files.pythonhosted.org/packages/da/92/1446574745d74df0c92e6aa4a7b0b3130706a4142b2d1a5869f2eaa423c6/pyyaml-6.0.3-cp314-cp314t-musllinux_1_2_x86_64.whl", hash = "sha256:16249ee61e95f858e83976573de0f5b2893b3677ba71c9dd36b9cf8be9ac6d65", size = 829923, upload-time = "2025-09-25T21:32:54.537Z" },
    { url = "https://files.pythonhosted.org/packages/f0/7a/1c7270340330e575b92f397352af856a8c06f230aa3e76f86b39d01b416a/pyyaml-6.0.3-cp314-cp314t-win_amd64.whl", hash = "sha256:4ad1906908f2f5ae4e5a8ddfce73c320c2a1429ec52eafd27138b7f1cbe341c9", size = 174062, upload-time = "2025-09-25T21:32:55.767Z" },
    { url = "https://files.pythonhosted.org/packages/f1/12/de94a39c2ef588c7e6455cfbe7343d3b2dc9d6b6b2f40c4c6565744c873d/pyyaml-6.0.3-cp314-cp314t-win_arm64.whl", hash = "sha256:ebc55a14a21cb14062aa4162f906cd962b28e2e9ea38f9b4391244cd8de4ae0b", size = 149341, upload-time = "2025-09-25T21:32:56.828Z" },
]

[[package]]
name = "zensical"
version = "0.0.20"
source = { registry = "https://pypi.org/simple" }
dependencies = [
    { name = "click" },
    { name = "deepmerge" },
    { name = "markdown" },
    { name = "pygments" },
    { name = "pymdown-extensions" },
    { name = "pyyaml" },
]
sdist = { url = "https://files.pythonhosted.org/packages/48/1b/4c6b433251ea07e2c767eaf59957a5d649c2940f82426d587ce14c52763f/zensical-0.0.20.tar.gz", hash = "sha256:95e9e974a68b4eea96a365b3547f399ad22f6906848796e5667288c14bb62549", size = 3819740, upload-time = "2026-01-29T12:39:41.737Z" }
wheels = [
    { url = "https://files.pythonhosted.org/packages/3d/73/658318e67d90b6c0d6cf4159db8d3f8394a814aec79fdc8f075117131c08/zensical-0.0.20-cp310-abi3-macosx_10_12_x86_64.whl", hash = "sha256:9505682567146bd65cc5319622b269ecf3879b61c6d7ee795a7d380ef1c4fcff", size = 12236958, upload-time = "2026-01-29T12:39:11.12Z" },
    { url = "https://files.pythonhosted.org/packages/d7/5c/71493c59896d540bb06e6fb16118e6cc9cadb9552e0bfe2345d12a6e8a23/zensical-0.0.20-cp310-abi3-macosx_11_0_arm64.whl", hash = "sha256:d9df1d75f330a79cd5aa2ca47e67de5b2ae86b0484f324bde6f9247121b56456", size = 12117231, upload-time = "2026-01-29T12:39:14.1Z" },
    { url = "https://files.pythonhosted.org/packages/5c/ca/6417ba455b9add7aa1052808f88a3df4954d28ee194ecdb04619e65dad27/zensical-0.0.20-cp310-abi3-manylinux_2_17_aarch64.manylinux2014_aarch64.whl", hash = "sha256:1affdad25e1b41d195e7f6d951fff3c1f0ba49cbef77176688f803720551830b", size = 12473660, upload-time = "2026-01-29T12:39:16.292Z" },
    { url = "https://files.pythonhosted.org/packages/14/2e/bd187b40aa457c84f7374d923bfaa5148b8be1d4108da9e329b217d6ab91/zensical-0.0.20-cp310-abi3-manylinux_2_17_armv7l.manylinux2014_armv7l.whl", hash = "sha256:5445bfa75e0c6020b7caa8ccb39d196e3ff41d4085f5ba3203136481574a66d9", size = 12412489, upload-time = "2026-01-29T12:39:18.896Z" },
    { url = "https://files.pythonhosted.org/packages/cc/92/bc853f647e07551684a633995b7d8e74a61c50ff32998aec6f6049b54cd1/zensical-0.0.20-cp310-abi3-manylinux_2_17_i686.manylinux2014_i686.whl", hash = "sha256:dfa619e1c2a1e61ab9fddb9ee2da8d7bf7dfbf76cb6cd00f7d1c41eeca1621c6", size = 12748917, upload-time = "2026-01-29T12:39:21.498Z" },
    { url = "https://files.pythonhosted.org/packages/08/08/05c81177fcc2d42f6c3665fdb011eeb6ea255aa80732db365d8d399a07c9/zensical-0.0.20-cp310-abi3-manylinux_2_17_x86_64.manylinux2014_x86_64.whl", hash = "sha256:2c094aac190f26de814c7cb9243c74f1596a42d27bc3eceb837f6084b332815a", size = 12514677, upload-time = "2026-01-29T12:39:25.305Z" },
    { url = "https://files.pythonhosted.org/packages/4b/46/a089130c62c2a427bb1af497b86c87b2b850b4d3a6e000fa8e8699935628/zensical-0.0.20-cp310-abi3-musllinux_1_2_aarch64.whl", hash = "sha256:55a6696265a8f9617a8dca3c29257ac4ec28f3a600118696885b5d4f435ef35e", size = 12648597, upload-time = "2026-01-29T12:39:27.583Z" },
    { url = "https://files.pythonhosted.org/packages/f8/cf/31a5847bd77fb3017ce3ae8c67e40f24732b8ece1f4a4113f1232f69c6c6/zensical-0.0.20-cp310-abi3-musllinux_1_2_armv7l.whl", hash = "sha256:d965999ef4dea5e5aa565737a7972c8c805fcf37b587ae5abf8409a8f885584d", size = 12679996, upload-time = "2026-01-29T12:39:29.761Z" },
    { url = "https://files.pythonhosted.org/packages/84/c9/eef5a9939001037e09b999176cb8557d7fc1b57f4317eecd2bb4797075ec/zensical-0.0.20-cp310-abi3-musllinux_1_2_i686.whl", hash = "sha256:5e584a6871248e234a615552159d430b746366cb8e8fe680cdee536bf00c3c14", size = 12821933, upload-time = "2026-01-29T12:39:32.361Z" },
    { url = "https://files.pythonhosted.org/packages/d7/0e/8ff6659916cb2cc4938647f840e76c4489384cff5ad195d279e529c481ce/zensical-0.0.20-cp310-abi3-musllinux_1_2_x86_64.whl", hash = "sha256:629865390a40c4a0bfc47160d1c2e01909119e8f5e8d072d0bc83c7d02a3aeae", size = 12785164, upload-time = "2026-01-29T12:39:34.528Z" },
    { url = "https://files.pythonhosted.org/packages/de/2a/7984cfdfd28ff30338ec39c3838aaca1b35c2660798952501183e2a31796/zensical-0.0.20-cp310-abi3-win32.whl", hash = "sha256:f52bcb8dc400c7249c6569e146379de93c868fbe89e07f88d602210da4695666", size = 11872515, upload-time = "2026-01-29T12:39:37.518Z" },
    { url = "https://files.pythonhosted.org/packages/e8/f6/b5a7ba86ad12d70bf2a6cb434a1b4739bef8390dd2991d57e346fabbf392/zensical-0.0.20-cp310-abi3-win_amd64.whl", hash = "sha256:8fad1127a0b0b295f485dacb134846bd4467d69ee6c84d07a8c694356d4e17bf", size = 12061331, upload-time = "2026-01-29T12:39:39.688Z" },
]
